
Microsoft Visual Studio Solution File, Format Version 12.00
# Visual Studio Version 17
VisualStudioVersion = 17.6.33801.468
MinimumVisualStudioVersion = 10.0.40219.1
Project("{9A19103F-16F7-4668-BE54-9A1E7A4F7556}") = "ZKI_Main", "ZKI_Main\ZKI_Main.csproj", "{D86F8242-0EC4-427C-9268-86390767C31A}"
EndProject
Global
	GlobalSection(SolutionConfigurationPlatforms) = preSolution
		Debug|Any CPU = Debug|Any CPU
		Release|Any CPU = Release|Any CPU
	EndGlobalSection
	GlobalSection(ProjectConfigurationPlatforms) = postSolution
		{D86F8242-0EC4-427C-9268-86390767C31A}.Debug|Any CPU.ActiveCfg = Debug|Any CPU
		{D86F8242-0EC4-427C-9268-86390767C31A}.Debug|Any CPU.Build.0 = Debug|Any CPU
		{D86F8242-0EC4-427C-9268-86390767C31A}.Release|Any CPU.ActiveCfg = Release|Any CPU
		{D86F8242-0EC4-427C-9268-86390767C31A}.Release|Any CPU.Build.0 = Release|Any CPU
	EndGlobalSection
	GlobalSection(SolutionProperties) = preSolution
		HideSolutionNode = FALSE
	EndGlobalSection
	GlobalSection(ExtensibilityGlobals) = postSolution
		SolutionGuid = {3D749AC4-5815-4C0C-8BD9-2D51E7CB6E6F}
	EndGlobalSection
EndGlobal
